
Microsoft Visual Studio Solution File, Format Version 12.00
# Visual Studio Version 17
VisualStudioVersion = 17.12.35527.113 d17.12
MinimumVisualStudioVersion = 10.0.40219.1
Project("{FAE04EC0-301F-11D3-BF4B-00C04F79EFBC}") = "Quiz_Api", "Quiz_Api\Quiz_Api.csproj", "{661810BB-0B7F-436C-B354-8BC581B02F09}"
EndProject
Project("{FAE04EC0-301F-11D3-BF4B-00C04F79EFBC}") = "Data_Layer", "Data_Layer\Data_Layer.csproj", "{B700E4A7-B40F-4130-84D3-EAAD6ED526B2}"
EndProject
Project("{FAE04EC0-301F-11D3-BF4B-00C04F79EFBC}") = "Business_Layer", "Business_Layer\Business_Layer.csproj", "{196B3894-F237-49FE-BE1A-E2841E323118}"
EndProject
Global
	GlobalSection(SolutionConfigurationPlatforms) = preSolution
		Debug|Any CPU = Debug|Any CPU
		Release|Any CPU = Release|Any CPU
	EndGlobalSection
	GlobalSection(ProjectConfigurationPlatforms) = postSolution
		{661810BB-0B7F-436C-B354-8BC581B02F09}.Debug|Any CPU.ActiveCfg = Debug|Any CPU
		{661810BB-0B7F-436C-B354-8BC581B02F09}.Debug|Any CPU.Build.0 = Debug|Any CPU
		{661810BB-0B7F-436C-B354-8BC581B02F09}.Release|Any CPU.ActiveCfg = Release|Any CPU
		{661810BB-0B7F-436C-B354-8BC581B02F09}.Release|Any CPU.Build.0 = Release|Any CPU
		{B700E4A7-B40F-4130-84D3-EAAD6ED526B2}.Debug|Any CPU.ActiveCfg = Debug|Any CPU
		{B700E4A7-B40F-4130-84D3-EAAD6ED526B2}.Debug|Any CPU.Build.0 = Debug|Any CPU
		{B700E4A7-B40F-4130-84D3-EAAD6ED526B2}.Release|Any CPU.ActiveCfg = Release|Any CPU
		{B700E4A7-B40F-4130-84D3-EAAD6ED526B2}.Release|Any CPU.Build.0 = Release|Any CPU
		{196B3894-F237-49FE-BE1A-E2841E323118}.Debug|Any CPU.ActiveCfg = Debug|Any CPU
		{196B3894-F237-49FE-BE1A-E2841E323118}.Debug|Any CPU.Build.0 = Debug|Any CPU
		{196B3894-F237-49FE-BE1A-E2841E323118}.Release|Any CPU.ActiveCfg = Release|Any CPU
		{196B3894-F237-49FE-BE1A-E2841E323118}.Release|Any CPU.Build.0 = Release|Any CPU
	EndGlobalSection
	GlobalSection(SolutionProperties) = preSolution
		HideSolutionNode = FALSE
	EndGlobalSection
EndGlobal
